
Microsoft Visual Studio Solution File, Format Version 12.00
# Visual Studio 15
VisualStudioVersion = 15.0.27703.2026
MinimumVisualStudioVersion = 10.0.40219.1
Project("{9092AA53-FB77-4645-B42D-1CCCA6BD08BD}") = "Test3", "Test3\Test3.njsproj", "{F2502562-0DDE-45D2-B1F0-502765291A57}"
EndProject
Global
	GlobalSection(SolutionConfigurationPlatforms) = preSolution
		Debug|Any CPU = Debug|Any CPU
		Release|Any CPU = Release|Any CPU
	EndGlobalSection
	GlobalSection(ProjectConfigurationPlatforms) = postSolution
		{F2502562-0DDE-45D2-B1F0-502765291A57}.Debug|Any CPU.ActiveCfg = Debug|Any CPU
		{F2502562-0DDE-45D2-B1F0-502765291A57}.Debug|Any CPU.Build.0 = Debug|Any CPU
		{F2502562-0DDE-45D2-B1F0-502765291A57}.Release|Any CPU.ActiveCfg = Release|Any CPU
		{F2502562-0DDE-45D2-B1F0-502765291A57}.Release|Any CPU.Build.0 = Release|Any CPU
	EndGlobalSection
	GlobalSection(SolutionProperties) = preSolution
		HideSolutionNode = FALSE
	EndGlobalSection
	GlobalSection(ExtensibilityGlobals) = postSolution
		SolutionGuid = {E1E83AAF-D4D3-4802-9BB5-5064DAB87D9D}
	EndGlobalSection
EndGlobal
